<?xml version="1.0" encoding="utf-8"?>
<Project ToolsVersion="4.0" xmlns="http://schemas.microsoft.com/developer/msbuild/2003">
  <ItemGroup>
    <Filter Include="Source Files">
      <UniqueIdentifier>{4FC737F1-C7A5-4376-A066-2A32D752A2FF}</UniqueIdentifier>
      <Extensions>cpp;c;cc;cxx;c++;cppm;ixx;def;odl;idl;hpj;bat;asm;asmx</Extensions>
    </Filter>
    <Filter Include="Header Files">
      <UniqueIdentifier>{93995380-89BD-4b04-88EB-625FBE52EBFB}</UniqueIdentifier>
      <Extensions>h;hh;hpp;hxx;h++;hm;inl;inc;ipp;xsd</Extensions>
    </Filter>
    <Filter Include="Resource Files">
      <UniqueIdentifier>{67DA6AB6-F800-4c08-8B7A-83BB121AAD01}</UniqueIdentifier>
      <Extensions>rc;ico;cur;bmp;dlg;rc2;rct;bin;rgs;gif;jpg;jpeg;jpe;resx;tiff;tif;png;wav;mfcribbon-ms</Extensions>
    </Filter>
  </ItemGroup>
  <ItemGroup>
    <Image Include="resources\textures\box_diffuse.png">
      <Filter>Resource Files</Filter>
    </Image>
    <Image Include="resources\skybox\front.jpg">
      <Filter>Resource Files</Filter>
    </Image>
    <Image Include="resources\skybox\left.jpg">
      <Filter>Resource Files</Filter>
    </Image>
    <Image Include="resources\skybox\right.jpg">
      <Filter>Resource Files</Filter>
    </Image>
    <Image Include="resources\skybox\back.jpg">
      <Filter>Resource Files</Filter>
    </Image>
    <Image Include="resources\skybox\top.jpg">
      <Filter>Resource Files</Filter>
    </Image>
    <Image Include="resources\skybox\bottom.jpg">
      <Filter>Resource Files</Filter>
    </Image>
    <Image Include="resources\textures\box_specular.png">
      <Filter>Resource Files</Filter>
    </Image>
    <Image Include="resources\textures\flame.png">
      <Filter>Resource Files</Filter>
    </Image>
    <Image Include="resources\textures\window.png">
      <Filter>Resource Files</Filter>
    </Image>
    <Image Include="resources\textures\snowflake.png">
      <Filter>Resource Files</Filter>
    </Image>
    <Image Include="resources\models\Cottage Texture Bump.jpg">
      <Filter>Resource Files</Filter>
    </Image>
    <Image Include="resources\models\Cottage Texture.jpg">
      <Filter>Resource Files</Filter>
    </Image>
    <Image Include="resources\models\desert.png">
      <Filter>Resource Files</Filter>
    </Image>
    <Image Include="resources\models\Diffuse.png">
      <Filter>Resource Files</Filter>
    </Image>
    <Image Include="resources\models\river.jpg">
      <Filter>Resource Files</Filter>
    </Image>
    <Image Include="resources\models\snow-tex.jpg">
      <Filter>Resource Files</Filter>
    </Image>
    <Image Include="resources\models\texturaSnih.jpg">
      <Filter>Resource Files</Filter>
    </Image>
    <Image Include="resources\models\windmill_001_base_COL.jpg">
      <Filter>Resource Files</Filter>
    </Image>
    <Image Include="resources\models\windmill_001_lopatky_COL.jpg">
      <Filter>Resource Files</Filter>
    </Image>
  </ItemGroup>
  <ItemGroup>
    <ClInclude Include="src\objects\Object.h">
      <Filter>Header Files</Filter>
    </ClInclude>
    <ClInclude Include="src\Camera.h">
      <Filter>Header Files</Filter>
    </ClInclude>
    <ClInclude Include="src\Input.h">
      <Filter>Header Files</Filter>
    </ClInclude>
    <ClInclude Include="src\Material.h">
      <Filter>Header Files</Filter>
    </ClInclude>
    <ClInclude Include="src\Mesh.h">
      <Filter>Header Files</Filter>
    </ClInclude>
    <ClInclude Include="src\Model.h">
      <Filter>Header Files</Filter>
    </ClInclude>
    <ClInclude Include="src\Scene.h">
      <Filter>Header Files</Filter>
    </ClInclude>
    <ClInclude Include="src\Shader.h">
      <Filter>Header Files</Filter>
    </ClInclude>
    <ClInclude Include="src\stb_image.h">
      <Filter>Header Files</Filter>
    </ClInclude>
    <ClInclude Include="src\Texture.h">
      <Filter>Header Files</Filter>
    </ClInclude>
    <ClInclude Include="src\Transform.h">
      <Filter>Header Files</Filter>
    </ClInclude>
    <ClInclude Include="src\Vertex.h">
      <Filter>Header Files</Filter>
    </ClInclude>
    <ClInclude Include="src\objects\SkyboxObject.h">
      <Filter>Header Files</Filter>
    </ClInclude>
    <ClInclude Include="src\objects\StaticCubeObject.h">
      <Filter>Header Files</Filter>
    </ClInclude>
    <ClInclude Include="src\objects\LoadedObject.h">
      <Filter>Header Files</Filter>
    </ClInclude>
    <ClInclude Include="src\objects\TextureAnimationObject.h">
      <Filter>Header Files</Filter>
    </ClInclude>
    <ClInclude Include="src\objects\EagleObject.h">
      <Filter>Header Files</Filter>
    </ClInclude>
    <ClInclude Include="src\objects\MeshAnimationObject.h">
      <Filter>Header Files</Filter>
    </ClInclude>
    <ClInclude Include="src\objects\TransparentObject.h">
      <Filter>Header Files</Filter>
    </ClInclude>
    <ClInclude Include="src\objects\MovingTextureObject.h">
      <Filter>Header Files</Filter>
    </ClInclude>
  </ItemGroup>
  <ItemGroup>
    <ClCompile Include="src\Camera.cpp">
      <Filter>Source Files</Filter>
    </ClCompile>
    <ClCompile Include="src\Input.cpp">
      <Filter>Source Files</Filter>
    </ClCompile>
    <ClCompile Include="src\main.cpp">
      <Filter>Source Files</Filter>
    </ClCompile>
    <ClCompile Include="src\Material.cpp">
      <Filter>Source Files</Filter>
    </ClCompile>
    <ClCompile Include="src\Mesh.cpp">
      <Filter>Source Files</Filter>
    </ClCompile>
    <ClCompile Include="src\Model.cpp">
      <Filter>Source Files</Filter>
    </ClCompile>
    <ClCompile Include="src\Scene.cpp">
      <Filter>Source Files</Filter>
    </ClCompile>
    <ClCompile Include="src\Shader.cpp">
      <Filter>Source Files</Filter>
    </ClCompile>
    <ClCompile Include="src\objects\SkyboxObject.cpp">
      <Filter>Source Files</Filter>
    </ClCompile>
    <ClCompile Include="src\objects\StaticCubeObject.cpp">
      <Filter>Source Files</Filter>
    </ClCompile>
    <ClCompile Include="src\objects\LoadedObject.cpp">
      <Filter>Source Files</Filter>
    </ClCompile>
    <ClCompile Include="src\objects\TextureAnimationObject.cpp">
      <Filter>Source Files</Filter>
    </ClCompile>
    <ClCompile Include="src\objects\EagleObject.cpp">
      <Filter>Source Files</Filter>
    </ClCompile>
    <ClCompile Include="src\objects\Object.cpp">
      <Filter>Source Files</Filter>
    </ClCompile>
    <ClCompile Include="src\objects\MeshAnimationObject.cpp">
      <Filter>Source Files</Filter>
    </ClCompile>
    <ClCompile Include="src\objects\TransparentObject.cpp">
      <Filter>Source Files</Filter>
    </ClCompile>
    <ClCompile Include="src\objects\MovingTextureObject.cpp">
      <Filter>Source Files</Filter>
    </ClCompile>
  </ItemGroup>
  <ItemGroup>
    <None Include="src\shaders\vertex\light_casters_vertex.glsl" />
    <None Include="src\shaders\fragment\light_casters_fragment.glsl" />
    <None Include="src\shaders\fragment\skybox_fragment.glsl" />
    <None Include="src\shaders\vertex\skybox_vertex.glsl" />
    <None Include="resources\models\asteroid.blend" />
    <None Include="src\shaders\fragment\flame_fragment.glsl" />
    <None Include="src\shaders\vertex\flame_vertex.glsl" />
    <None Include="src\shaders\vertex\transparent_vertex.glsl" />
    <None Include="src\shaders\fragment\transparent_fragment.glsl" />
    <None Include="src\shaders\vertex\snowflake_vertex.glsl" />
    <None Include="src\shaders\fragment\snowflake_fragment.glsl" />
    <None Include="resources\models\windmillRotor.mtl" />
    <None Include="resources\models\christmasTree.mtl" />
    <None Include="resources\models\cloud.stl" />
    <None Include="resources\models\orol.3DS" />
    <None Include="resources\models\river.mtl" />
    <None Include="resources\models\snehulak.mtl" />
    <None Include="resources\models\Snow covered CottageOBJ.mtl" />
    <None Include="resources\models\testplane.mtl" />
    <None Include="resources\models\Torch.mtl" />
    <None Include="resources\models\windmill.mtl" />
    <None Include="resources\models\windmillBody.mtl" />
  </ItemGroup>
  <ItemGroup>
    <Text Include="resources\models\orol.txt" />
  </ItemGroup>
</Project>